// !$*UTF8*$!
{
	archiveVersion = 1;
	classes = {
	};
	objectVersion = 56;
	objects = {

/* Begin PBXBuildFile section */
		110216AF2D4CCBD1001355BD /* ProfileImageService.swift in Sources */ = {isa = PBXBuildFile; fileRef = 110216AE2D4CCBD1001355BD /* ProfileImageService.swift */; };
		110216B12D4CD463001355BD /* URLRequest+extensions.swift in Sources */ = {isa = PBXBuildFile; fileRef = 110216B02D4CD463001355BD /* URLRequest+extensions.swift */; };
		110216B42D4D23E1001355BD /* Kingfisher in Frameworks */ = {isa = PBXBuildFile; productRef = 110216B32D4D23E1001355BD /* Kingfisher */; };
		110216B72D4D2F1A001355BD /* SwiftKeychainWrapper in Frameworks */ = {isa = PBXBuildFile; productRef = 110216B62D4D2F1A001355BD /* SwiftKeychainWrapper */; };
		110F08562D135DE5001FA140 /* OAuth2Service.swift in Sources */ = {isa = PBXBuildFile; fileRef = 110F08552D135DE5001FA140 /* OAuth2Service.swift */; };
		11134EC52CF1B666005A6233 /* AppDelegate.swift in Sources */ = {isa = PBXBuildFile; fileRef = 11134EC42CF1B666005A6233 /* AppDelegate.swift */; };
		11134EC72CF1B666005A6233 /* SceneDelegate.swift in Sources */ = {isa = PBXBuildFile; fileRef = 11134EC62CF1B666005A6233 /* SceneDelegate.swift */; };
		11134EC92CF1B666005A6233 /* ImagesListViewController.swift in Sources */ = {isa = PBXBuildFile; fileRef = 11134EC82CF1B666005A6233 /* ImagesListViewController.swift */; };
		11134ECC2CF1B666005A6233 /* Base in Resources */ = {isa = PBXBuildFile; fileRef = 11134ECB2CF1B666005A6233 /* Base */; };
		11134ECE2CF1B669005A6233 /* Assets.xcassets in Resources */ = {isa = PBXBuildFile; fileRef = 11134ECD2CF1B669005A6233 /* Assets.xcassets */; };
		11134ED12CF1B669005A6233 /* Base in Resources */ = {isa = PBXBuildFile; fileRef = 11134ED02CF1B669005A6233 /* Base */; };
		111EE8E22D15F0B4009DFC38 /* URLSession+data.swift in Sources */ = {isa = PBXBuildFile; fileRef = 111EE8E12D15F0B4009DFC38 /* URLSession+data.swift */; };
		111EE8E42D15F21D009DFC38 /* OAuth2Storage.swift in Sources */ = {isa = PBXBuildFile; fileRef = 111EE8E32D15F21D009DFC38 /* OAuth2Storage.swift */; };
		111EE8E62D15F2C3009DFC38 /* OAuthResponseBody.swift in Sources */ = {isa = PBXBuildFile; fileRef = 111EE8E52D15F2C3009DFC38 /* OAuthResponseBody.swift */; };
		111EE8E82D15F9CA009DFC38 /* SplashViewController.swift in Sources */ = {isa = PBXBuildFile; fileRef = 111EE8E72D15F9CA009DFC38 /* SplashViewController.swift */; };
		112D96E12CFC2AF30022B2AF /* ProfileViewController.swift in Sources */ = {isa = PBXBuildFile; fileRef = 112D96E02CFC2AF30022B2AF /* ProfileViewController.swift */; };
		112D96E32CFC465A0022B2AF /* SingleImageViewController.swift in Sources */ = {isa = PBXBuildFile; fileRef = 112D96E22CFC465A0022B2AF /* SingleImageViewController.swift */; };
		113C28E02D0AFF7200DE6F0C /* Constants.swift in Sources */ = {isa = PBXBuildFile; fileRef = 113C28DF2D0AFF7200DE6F0C /* Constants.swift */; };
		1170A2952D0E055C00078765 /* AuthViewController.swift in Sources */ = {isa = PBXBuildFile; fileRef = 1170A2942D0E055C00078765 /* AuthViewController.swift */; };
		1170A2972D0E059200078765 /* WebViewViewController.swift in Sources */ = {isa = PBXBuildFile; fileRef = 1170A2962D0E059200078765 /* WebViewViewController.swift */; };
		1178986B2D48FCBD00341500 /* Profile.swift in Sources */ = {isa = PBXBuildFile; fileRef = 1178986A2D48FCBD00341500 /* Profile.swift */; };
		118BA9DD2D44AF0500EC1366 /* UIBlockingProgressHUD.swift in Sources */ = {isa = PBXBuildFile; fileRef = 118BA9DC2D44AF0500EC1366 /* UIBlockingProgressHUD.swift */; };
		11931CE02CF6F58D002390E4 /* Main.storyboard in Resources */ = {isa = PBXBuildFile; fileRef = 11134ECA2CF1B666005A6233 /* Main.storyboard */; };
		11931CE22CF6F989002390E4 /* ImagesListCell.swift in Sources */ = {isa = PBXBuildFile; fileRef = 11931CE12CF6F989002390E4 /* ImagesListCell.swift */; };
		11F5592E2D301F85007B4026 /* ProgressHUD in Frameworks */ = {isa = PBXBuildFile; productRef = 11F5592D2D301F85007B4026 /* ProgressHUD */; };
		11FEABAA2D48A5E700C804FC /* ProfileService.swift in Sources */ = {isa = PBXBuildFile; fileRef = 11FEABA92D48A5E700C804FC /* ProfileService.swift */; };
		11FEABAC2D48A62500C804FC /* ProfileResult.swift in Sources */ = {isa = PBXBuildFile; fileRef = 11FEABAB2D48A62500C804FC /* ProfileResult.swift */; };
/* End PBXBuildFile section */

/* Begin PBXFileReference section */
		110216AE2D4CCBD1001355BD /* ProfileImageService.swift */ = {isa = PBXFileReference; fileEncoding = 4; lastKnownFileType = sourcecode.swift; path = ProfileImageService.swift; sourceTree = "<group>"; };
		110216B02D4CD463001355BD /* URLRequest+extensions.swift */ = {isa = PBXFileReference; lastKnownFileType = sourcecode.swift; path = "URLRequest+extensions.swift"; sourceTree = "<group>"; };
		110F08552D135DE5001FA140 /* OAuth2Service.swift */ = {isa = PBXFileReference; lastKnownFileType = sourcecode.swift; path = OAuth2Service.swift; sourceTree = "<group>"; };
		11134EC12CF1B666005A6233 /* ImageFeed.app */ = {isa = PBXFileReference; explicitFileType = wrapper.application; includeInIndex = 0; path = ImageFeed.app; sourceTree = BUILT_PRODUCTS_DIR; };
		11134EC42CF1B666005A6233 /* AppDelegate.swift */ = {isa = PBXFileReference; lastKnownFileType = sourcecode.swift; path = AppDelegate.swift; sourceTree = "<group>"; };
		11134EC62CF1B666005A6233 /* SceneDelegate.swift */ = {isa = PBXFileReference; lastKnownFileType = sourcecode.swift; path = SceneDelegate.swift; sourceTree = "<group>"; };
		11134EC82CF1B666005A6233 /* ImagesListViewController.swift */ = {isa = PBXFileReference; lastKnownFileType = sourcecode.swift; path = ImagesListViewController.swift; sourceTree = "<group>"; };
		11134ECB2CF1B666005A6233 /* Base */ = {isa = PBXFileReference; lastKnownFileType = file.storyboard; name = Base; path = Base.lproj/Main.storyboard; sourceTree = "<group>"; };
		11134ECD2CF1B669005A6233 /* Assets.xcassets */ = {isa = PBXFileReference; lastKnownFileType = folder.assetcatalog; path = Assets.xcassets; sourceTree = "<group>"; };
		11134ED02CF1B669005A6233 /* Base */ = {isa = PBXFileReference; lastKnownFileType = file.storyboard; name = Base; path = Base.lproj/LaunchScreen.storyboard; sourceTree = "<group>"; };
		11134ED22CF1B669005A6233 /* Info.plist */ = {isa = PBXFileReference; lastKnownFileType = text.plist.xml; path = Info.plist; sourceTree = "<group>"; };
		111EE8E12D15F0B4009DFC38 /* URLSession+data.swift */ = {isa = PBXFileReference; lastKnownFileType = sourcecode.swift; path = "URLSession+data.swift"; sourceTree = "<group>"; };
		111EE8E32D15F21D009DFC38 /* OAuth2Storage.swift */ = {isa = PBXFileReference; lastKnownFileType = sourcecode.swift; path = OAuth2Storage.swift; sourceTree = "<group>"; };
		111EE8E52D15F2C3009DFC38 /* OAuthResponseBody.swift */ = {isa = PBXFileReference; lastKnownFileType = sourcecode.swift; path = OAuthResponseBody.swift; sourceTree = "<group>"; };
		111EE8E72D15F9CA009DFC38 /* SplashViewController.swift */ = {isa = PBXFileReference; lastKnownFileType = sourcecode.swift; path = SplashViewController.swift; sourceTree = "<group>"; };
		112D96E02CFC2AF30022B2AF /* ProfileViewController.swift */ = {isa = PBXFileReference; lastKnownFileType = sourcecode.swift; path = ProfileViewController.swift; sourceTree = "<group>"; };
		112D96E22CFC465A0022B2AF /* SingleImageViewController.swift */ = {isa = PBXFileReference; lastKnownFileType = sourcecode.swift; path = SingleImageViewController.swift; sourceTree = "<group>"; };
		113C28DF2D0AFF7200DE6F0C /* Constants.swift */ = {isa = PBXFileReference; fileEncoding = 4; lastKnownFileType = sourcecode.swift; path = Constants.swift; sourceTree = "<group>"; };
		1170A2942D0E055C00078765 /* AuthViewController.swift */ = {isa = PBXFileReference; lastKnownFileType = sourcecode.swift; path = AuthViewController.swift; sourceTree = "<group>"; };
		1170A2962D0E059200078765 /* WebViewViewController.swift */ = {isa = PBXFileReference; lastKnownFileType = sourcecode.swift; path = WebViewViewController.swift; sourceTree = "<group>"; };
		1178986A2D48FCBD00341500 /* Profile.swift */ = {isa = PBXFileReference; lastKnownFileType = sourcecode.swift; path = Profile.swift; sourceTree = "<group>"; };
		118BA9DC2D44AF0500EC1366 /* UIBlockingProgressHUD.swift */ = {isa = PBXFileReference; lastKnownFileType = sourcecode.swift; path = UIBlockingProgressHUD.swift; sourceTree = "<group>"; };
		11931CE12CF6F989002390E4 /* ImagesListCell.swift */ = {isa = PBXFileReference; lastKnownFileType = sourcecode.swift; path = ImagesListCell.swift; sourceTree = "<group>"; };
		11FEABA92D48A5E700C804FC /* ProfileService.swift */ = {isa = PBXFileReference; lastKnownFileType = sourcecode.swift; path = ProfileService.swift; sourceTree = "<group>"; };
		11FEABAB2D48A62500C804FC /* ProfileResult.swift */ = {isa = PBXFileReference; lastKnownFileType = sourcecode.swift; path = ProfileResult.swift; sourceTree = "<group>"; };
/* End PBXFileReference section */

/* Begin PBXFrameworksBuildPhase section */
		11134EBE2CF1B666005A6233 /* Frameworks */ = {
			isa = PBXFrameworksBuildPhase;
			buildActionMask = 2147483647;
			files = (
				110216B42D4D23E1001355BD /* Kingfisher in Frameworks */,
				11F5592E2D301F85007B4026 /* ProgressHUD in Frameworks */,
				110216B72D4D2F1A001355BD /* SwiftKeychainWrapper in Frameworks */,
			);
			runOnlyForDeploymentPostprocessing = 0;
		};
/* End PBXFrameworksBuildPhase section */

/* Begin PBXGroup section */
		11134EB82CF1B666005A6233 = {
			isa = PBXGroup;
			children = (
				11134EC32CF1B666005A6233 /* ImageFeed */,
				11134EC22CF1B666005A6233 /* Products */,
			);
			sourceTree = "<group>";
		};
		11134EC22CF1B666005A6233 /* Products */ = {
			isa = PBXGroup;
			children = (
				11134EC12CF1B666005A6233 /* ImageFeed.app */,
			);
			name = Products;
			sourceTree = "<group>";
		};
		11134EC32CF1B666005A6233 /* ImageFeed */ = {
			isa = PBXGroup;
			children = (
				111EE8DE2D15F092009DFC38 /* Helpers */,
				1170A2932D0E054700078765 /* Auth */,
				115564722CFF97350013D521 /* SingleImageView */,
				115564712CFF97280013D521 /* Profile */,
				11A8792C2CFB07C900F243E4 /* ImagesList */,
				11134EC42CF1B666005A6233 /* AppDelegate.swift */,
				11134EC62CF1B666005A6233 /* SceneDelegate.swift */,
				113C28DF2D0AFF7200DE6F0C /* Constants.swift */,
				11134ECA2CF1B666005A6233 /* Main.storyboard */,
				11134ECD2CF1B669005A6233 /* Assets.xcassets */,
				11134ECF2CF1B669005A6233 /* LaunchScreen.storyboard */,
				11134ED22CF1B669005A6233 /* Info.plist */,
			);
			path = ImageFeed;
			sourceTree = "<group>";
		};
		111EE8DE2D15F092009DFC38 /* Helpers */ = {
			isa = PBXGroup;
			children = (
				111EE8E12D15F0B4009DFC38 /* URLSession+data.swift */,
				110216B02D4CD463001355BD /* URLRequest+extensions.swift */,
			);
			path = Helpers;
			sourceTree = "<group>";
		};
		115564712CFF97280013D521 /* Profile */ = {
			isa = PBXGroup;
			children = (
				11FEABA92D48A5E700C804FC /* ProfileService.swift */,
				11FEABAB2D48A62500C804FC /* ProfileResult.swift */,
				112D96E02CFC2AF30022B2AF /* ProfileViewController.swift */,
				1178986A2D48FCBD00341500 /* Profile.swift */,
				110216AE2D4CCBD1001355BD /* ProfileImageService.swift */,
			);
			path = Profile;
			sourceTree = "<group>";
		};
		115564722CFF97350013D521 /* SingleImageView */ = {
			isa = PBXGroup;
			children = (
				112D96E22CFC465A0022B2AF /* SingleImageViewController.swift */,
			);
			path = SingleImageView;
			sourceTree = "<group>";
		};
		1170A2932D0E054700078765 /* Auth */ = {
			isa = PBXGroup;
			children = (
				110F08552D135DE5001FA140 /* OAuth2Service.swift */,
				1170A2942D0E055C00078765 /* AuthViewController.swift */,
				1170A2962D0E059200078765 /* WebViewViewController.swift */,
				111EE8E32D15F21D009DFC38 /* OAuth2Storage.swift */,
				111EE8E52D15F2C3009DFC38 /* OAuthResponseBody.swift */,
				111EE8E72D15F9CA009DFC38 /* SplashViewController.swift */,
				118BA9DC2D44AF0500EC1366 /* UIBlockingProgressHUD.swift */,
			);
			path = Auth;
			sourceTree = "<group>";
		};
		11A8792C2CFB07C900F243E4 /* ImagesList */ = {
			isa = PBXGroup;
			children = (
				11931CE12CF6F989002390E4 /* ImagesListCell.swift */,
				11134EC82CF1B666005A6233 /* ImagesListViewController.swift */,
			);
			path = ImagesList;
			sourceTree = "<group>";
		};
/* End PBXGroup section */

/* Begin PBXNativeTarget section */
		11134EC02CF1B666005A6233 /* ImageFeed */ = {
			isa = PBXNativeTarget;
			buildConfigurationList = 11134ED52CF1B669005A6233 /* Build configuration list for PBXNativeTarget "ImageFeed" */;
			buildPhases = (
				11134EBD2CF1B666005A6233 /* Sources */,
				11134EBE2CF1B666005A6233 /* Frameworks */,
				11134EBF2CF1B666005A6233 /* Resources */,
			);
			buildRules = (
			);
			dependencies = (
			);
			name = ImageFeed;
			packageProductDependencies = (
				11F5592D2D301F85007B4026 /* ProgressHUD */,
				110216B32D4D23E1001355BD /* Kingfisher */,
				110216B62D4D2F1A001355BD /* SwiftKeychainWrapper */,
			);
			productName = ImageFeed;
			productReference = 11134EC12CF1B666005A6233 /* ImageFeed.app */;
			productType = "com.apple.product-type.application";
		};
/* End PBXNativeTarget section */

/* Begin PBXProject section */
		11134EB92CF1B666005A6233 /* Project object */ = {
			isa = PBXProject;
			attributes = {
				BuildIndependentTargetsInParallel = 1;
				LastSwiftUpdateCheck = 1540;
				LastUpgradeCheck = 1540;
				TargetAttributes = {
					11134EC02CF1B666005A6233 = {
						CreatedOnToolsVersion = 15.4;
					};
				};
			};
			buildConfigurationList = 11134EBC2CF1B666005A6233 /* Build configuration list for PBXProject "ImageFeed" */;
			compatibilityVersion = "Xcode 14.0";
			developmentRegion = en;
			hasScannedForEncodings = 0;
			knownRegions = (
				en,
				Base,
			);
			mainGroup = 11134EB82CF1B666005A6233;
			packageReferences = (
				11F5592C2D301F85007B4026 /* XCRemoteSwiftPackageReference "ProgressHUD" */,
				110216B22D4D23E1001355BD /* XCRemoteSwiftPackageReference "Kingfisher" */,
				110216B52D4D2F1A001355BD /* XCRemoteSwiftPackageReference "SwiftKeychainWrapper" */,
			);
			productRefGroup = 11134EC22CF1B666005A6233 /* Products */;
			projectDirPath = "";
			projectRoot = "";
			targets = (
				11134EC02CF1B666005A6233 /* ImageFeed */,
			);
		};
/* End PBXProject section */

/* Begin PBXResourcesBuildPhase section */
		11134EBF2CF1B666005A6233 /* Resources */ = {
			isa = PBXResourcesBuildPhase;
			buildActionMask = 2147483647;
			files = (
				11134ECE2CF1B669005A6233 /* Assets.xcassets in Resources */,
				11134ED12CF1B669005A6233 /* Base in Resources */,
				11134ECC2CF1B666005A6233 /* Base in Resources */,
				11931CE02CF6F58D002390E4 /* Main.storyboard in Resources */,
			);
			runOnlyForDeploymentPostprocessing = 0;
		};
/* End PBXResourcesBuildPhase section */

/* Begin PBXSourcesBuildPhase section */
		11134EBD2CF1B666005A6233 /* Sources */ = {
			isa = PBXSourcesBuildPhase;
			buildActionMask = 2147483647;
			files = (
				11134EC92CF1B666005A6233 /* ImagesListViewController.swift in Sources */,
				11931CE22CF6F989002390E4 /* ImagesListCell.swift in Sources */,
				11FEABAA2D48A5E700C804FC /* ProfileService.swift in Sources */,
				112D96E12CFC2AF30022B2AF /* ProfileViewController.swift in Sources */,
				11134EC52CF1B666005A6233 /* AppDelegate.swift in Sources */,
				1170A2952D0E055C00078765 /* AuthViewController.swift in Sources */,
				111EE8E82D15F9CA009DFC38 /* SplashViewController.swift in Sources */,
				1178986B2D48FCBD00341500 /* Profile.swift in Sources */,
				113C28E02D0AFF7200DE6F0C /* Constants.swift in Sources */,
				110216B12D4CD463001355BD /* URLRequest+extensions.swift in Sources */,
				11FEABAC2D48A62500C804FC /* ProfileResult.swift in Sources */,
				111EE8E42D15F21D009DFC38 /* OAuth2Storage.swift in Sources */,
				110216AF2D4CCBD1001355BD /* ProfileImageService.swift in Sources */,
				118BA9DD2D44AF0500EC1366 /* UIBlockingProgressHUD.swift in Sources */,
				112D96E32CFC465A0022B2AF /* SingleImageViewController.swift in Sources */,
				111EE8E62D15F2C3009DFC38 /* OAuthResponseBody.swift in Sources */,
				111EE8E22D15F0B4009DFC38 /* URLSession+data.swift in Sources */,
				1170A2972D0E059200078765 /* WebViewViewController.swift in Sources */,
				110F08562D135DE5001FA140 /* OAuth2Service.swift in Sources */,
				11134EC72CF1B666005A6233 /* SceneDelegate.swift in Sources */,
			);
			runOnlyForDeploymentPostprocessing = 0;
		};
/* End PBXSourcesBuildPhase section */

/* Begin PBXVariantGroup section */
		11134ECA2CF1B666005A6233 /* Main.storyboard */ = {
			isa = PBXVariantGroup;
			children = (
				11134ECB2CF1B666005A6233 /* Base */,
			);
			name = Main.storyboard;
			sourceTree = "<group>";
		};
		11134ECF2CF1B669005A6233 /* LaunchScreen.storyboard */ = {
			isa = PBXVariantGroup;
			children = (
				11134ED02CF1B669005A6233 /* Base */,
			);
			name = LaunchScreen.storyboard;
			sourceTree = "<group>";
		};
/* End PBXVariantGroup section */

/* Begin XCBuildConfiguration section */
		11134ED32CF1B669005A6233 /* Debug */ = {
			isa = XCBuildConfiguration;
			buildSettings = {
				ALWAYS_SEARCH_USER_PATHS = NO;
				ASSETCATALOG_COMPILER_GENERATE_SWIFT_ASSET_SYMBOL_EXTENSIONS = YES;
				CLANG_ANALYZER_NONNULL = YES;
				CLANG_ANALYZER_NUMBER_OBJECT_CONVERSION = YES_AGGRESSIVE;
				CLANG_CXX_LANGUAGE_STANDARD = "gnu++20";
				CLANG_ENABLE_MODULES = YES;
				CLANG_ENABLE_OBJC_ARC = YES;
				CLANG_ENABLE_OBJC_WEAK = YES;
				CLANG_WARN_BLOCK_CAPTURE_AUTORELEASING = YES;
				CLANG_WARN_BOOL_CONVERSION = YES;
				CLANG_WARN_COMMA = YES;
				CLANG_WARN_CONSTANT_CONVERSION = YES;
				CLANG_WARN_DEPRECATED_OBJC_IMPLEMENTATIONS = YES;
				CLANG_WARN_DIRECT_OBJC_ISA_USAGE = YES_ERROR;
				CLANG_WARN_DOCUMENTATION_COMMENTS = YES;
				CLANG_WARN_EMPTY_BODY = YES;
				CLANG_WARN_ENUM_CONVERSION = YES;
				CLANG_WARN_INFINITE_RECURSION = YES;
				CLANG_WARN_INT_CONVERSION = YES;
				CLANG_WARN_NON_LITERAL_NULL_CONVERSION = YES;
				CLANG_WARN_OBJC_IMPLICIT_RETAIN_SELF = YES;
				CLANG_WARN_OBJC_LITERAL_CONVERSION = YES;
				CLANG_WARN_OBJC_ROOT_CLASS = YES_ERROR;
				CLANG_WARN_QUOTED_INCLUDE_IN_FRAMEWORK_HEADER = YES;
				CLANG_WARN_RANGE_LOOP_ANALYSIS = YES;
				CLANG_WARN_STRICT_PROTOTYPES = YES;
				CLANG_WARN_SUSPICIOUS_MOVE = YES;
				CLANG_WARN_UNGUARDED_AVAILABILITY = YES_AGGRESSIVE;
				CLANG_WARN_UNREACHABLE_CODE = YES;
				CLANG_WARN__DUPLICATE_METHOD_MATCH = YES;
				COPY_PHASE_STRIP = NO;
				DEBUG_INFORMATION_FORMAT = dwarf;
				ENABLE_STRICT_OBJC_MSGSEND = YES;
				ENABLE_TESTABILITY = YES;
				ENABLE_USER_SCRIPT_SANDBOXING = YES;
				GCC_C_LANGUAGE_STANDARD = gnu17;
				GCC_DYNAMIC_NO_PIC = NO;
				GCC_NO_COMMON_BLOCKS = YES;
				GCC_OPTIMIZATION_LEVEL = 0;
				GCC_PREPROCESSOR_DEFINITIONS = (
					"DEBUG=1",
					"$(inherited)",
				);
				GCC_WARN_64_TO_32_BIT_CONVERSION = YES;
				GCC_WARN_ABOUT_RETURN_TYPE = YES_ERROR;
				GCC_WARN_UNDECLARED_SELECTOR = YES;
				GCC_WARN_UNINITIALIZED_AUTOS = YES_AGGRESSIVE;
				GCC_WARN_UNUSED_FUNCTION = YES;
				GCC_WARN_UNUSED_VARIABLE = YES;
				IPHONEOS_DEPLOYMENT_TARGET = 17.5;
				LOCALIZATION_PREFERS_STRING_CATALOGS = YES;
				MTL_ENABLE_DEBUG_INFO = INCLUDE_SOURCE;
				MTL_FAST_MATH = YES;
				ONLY_ACTIVE_ARCH = YES;
				SDKROOT = iphoneos;
				SWIFT_ACTIVE_COMPILATION_CONDITIONS = "DEBUG $(inherited)";
				SWIFT_OPTIMIZATION_LEVEL = "-Onone";
			};
			name = Debug;
		};
		11134ED42CF1B669005A6233 /* Release */ = {
			isa = XCBuildConfiguration;
			buildSettings = {
				ALWAYS_SEARCH_USER_PATHS = NO;
				ASSETCATALOG_COMPILER_GENERATE_SWIFT_ASSET_SYMBOL_EXTENSIONS = YES;
				CLANG_ANALYZER_NONNULL = YES;
				CLANG_ANALYZER_NUMBER_OBJECT_CONVERSION = YES_AGGRESSIVE;
				CLANG_CXX_LANGUAGE_STANDARD = "gnu++20";
				CLANG_ENABLE_MODULES = YES;
				CLANG_ENABLE_OBJC_ARC = YES;
				CLANG_ENABLE_OBJC_WEAK = YES;
				CLANG_WARN_BLOCK_CAPTURE_AUTORELEASING = YES;
				CLANG_WARN_BOOL_CONVERSION = YES;
				CLANG_WARN_COMMA = YES;
				CLANG_WARN_CONSTANT_CONVERSION = YES;
				CLANG_WARN_DEPRECATED_OBJC_IMPLEMENTATIONS = YES;
				CLANG_WARN_DIRECT_OBJC_ISA_USAGE = YES_ERROR;
				CLANG_WARN_DOCUMENTATION_COMMENTS = YES;
				CLANG_WARN_EMPTY_BODY = YES;
				CLANG_WARN_ENUM_CONVERSION = YES;
				CLANG_WARN_INFINITE_RECURSION = YES;
				CLANG_WARN_INT_CONVERSION = YES;
				CLANG_WARN_NON_LITERAL_NULL_CONVERSION = YES;
				CLANG_WARN_OBJC_IMPLICIT_RETAIN_SELF = YES;
				CLANG_WARN_OBJC_LITERAL_CONVERSION = YES;
				CLANG_WARN_OBJC_ROOT_CLASS = YES_ERROR;
				CLANG_WARN_QUOTED_INCLUDE_IN_FRAMEWORK_HEADER = YES;
				CLANG_WARN_RANGE_LOOP_ANALYSIS = YES;
				CLANG_WARN_STRICT_PROTOTYPES = YES;
				CLANG_WARN_SUSPICIOUS_MOVE = YES;
				CLANG_WARN_UNGUARDED_AVAILABILITY = YES_AGGRESSIVE;
				CLANG_WARN_UNREACHABLE_CODE = YES;
				CLANG_WARN__DUPLICATE_METHOD_MATCH = YES;
				COPY_PHASE_STRIP = NO;
				DEBUG_INFORMATION_FORMAT = "dwarf-with-dsym";
				ENABLE_NS_ASSERTIONS = NO;
				ENABLE_STRICT_OBJC_MSGSEND = YES;
				ENABLE_USER_SCRIPT_SANDBOXING = YES;
				GCC_C_LANGUAGE_STANDARD = gnu17;
				GCC_NO_COMMON_BLOCKS = YES;
				GCC_WARN_64_TO_32_BIT_CONVERSION = YES;
				GCC_WARN_ABOUT_RETURN_TYPE = YES_ERROR;
				GCC_WARN_UNDECLARED_SELECTOR = YES;
				GCC_WARN_UNINITIALIZED_AUTOS = YES_AGGRESSIVE;
				GCC_WARN_UNUSED_FUNCTION = YES;
				GCC_WARN_UNUSED_VARIABLE = YES;
				IPHONEOS_DEPLOYMENT_TARGET = 17.5;
				LOCALIZATION_PREFERS_STRING_CATALOGS = YES;
				MTL_ENABLE_DEBUG_INFO = NO;
				MTL_FAST_MATH = YES;
				SDKROOT = iphoneos;
				SWIFT_COMPILATION_MODE = wholemodule;
				VALIDATE_PRODUCT = YES;
			};
			name = Release;
		};
		11134ED62CF1B669005A6233 /* Debug */ = {
			isa = XCBuildConfiguration;
			buildSettings = {
				ASSETCATALOG_COMPILER_APPICON_NAME = AppIcon;
				ASSETCATALOG_COMPILER_GLOBAL_ACCENT_COLOR_NAME = AccentColor;
				CODE_SIGN_STYLE = Automatic;
				CURRENT_PROJECT_VERSION = 1;
				DEVELOPMENT_TEAM = KCQF7ULD8F;
				GENERATE_INFOPLIST_FILE = YES;
				INFOPLIST_FILE = ImageFeed/Info.plist;
				INFOPLIST_KEY_UIApplicationSupportsIndirectInputEvents = YES;
				INFOPLIST_KEY_UILaunchStoryboardName = LaunchScreen;
				INFOPLIST_KEY_UIMainStoryboardFile = Main;
				INFOPLIST_KEY_UISupportedInterfaceOrientations = UIInterfaceOrientationPortrait;
				INFOPLIST_KEY_UISupportedInterfaceOrientations_iPad = "UIInterfaceOrientationLandscapeLeft UIInterfaceOrientationLandscapeRight";
				IPHONEOS_DEPLOYMENT_TARGET = 13.0;
				LD_RUNPATH_SEARCH_PATHS = (
					"$(inherited)",
					"@executable_path/Frameworks",
				);
				MARKETING_VERSION = 1.0;
				PRODUCT_BUNDLE_IDENTIFIER = ru.yandex.practicum.ImageFeed;
				PRODUCT_NAME = "$(TARGET_NAME)";
				SUPPORTED_PLATFORMS = "iphoneos iphonesimulator";
				SUPPORTS_MACCATALYST = NO;
				SUPPORTS_XR_DESIGNED_FOR_IPHONE_IPAD = NO;
				SWIFT_EMIT_LOC_STRINGS = YES;
				SWIFT_VERSION = 5.0;
				TARGETED_DEVICE_FAMILY = 1;
			};
			name = Debug;
		};
		11134ED72CF1B669005A6233 /* Release */ = {
			isa = XCBuildConfiguration;
			buildSettings = {
				ASSETCATALOG_COMPILER_APPICON_NAME = AppIcon;
				ASSETCATALOG_COMPILER_GLOBAL_ACCENT_COLOR_NAME = AccentColor;
				CODE_SIGN_STYLE = Automatic;
				CURRENT_PROJECT_VERSION = 1;
				DEVELOPMENT_TEAM = KCQF7ULD8F;
				GENERATE_INFOPLIST_FILE = YES;
				INFOPLIST_FILE = ImageFeed/Info.plist;
				INFOPLIST_KEY_UIApplicationSupportsIndirectInputEvents = YES;
				INFOPLIST_KEY_UILaunchStoryboardName = LaunchScreen;
				INFOPLIST_KEY_UIMainStoryboardFile = Main;
				INFOPLIST_KEY_UISupportedInterfaceOrientations = UIInterfaceOrientationPortrait;
				INFOPLIST_KEY_UISupportedInterfaceOrientations_iPad = "UIInterfaceOrientationLandscapeLeft UIInterfaceOrientationLandscapeRight";
				IPHONEOS_DEPLOYMENT_TARGET = 13.0;
				LD_RUNPATH_SEARCH_PATHS = (
					"$(inherited)",
					"@executable_path/Frameworks",
				);
				MARKETING_VERSION = 1.0;
				PRODUCT_BUNDLE_IDENTIFIER = ru.yandex.practicum.ImageFeed;
				PRODUCT_NAME = "$(TARGET_NAME)";
				SUPPORTED_PLATFORMS = "iphoneos iphonesimulator";
				SUPPORTS_MACCATALYST = NO;
				SUPPORTS_XR_DESIGNED_FOR_IPHONE_IPAD = NO;
				SWIFT_EMIT_LOC_STRINGS = YES;
				SWIFT_VERSION = 5.0;
				TARGETED_DEVICE_FAMILY = 1;
			};
			name = Release;
		};
/* End XCBuildConfiguration section */

/* Begin XCConfigurationList section */
		11134EBC2CF1B666005A6233 /* Build configuration list for PBXProject "ImageFeed" */ = {
			isa = XCConfigurationList;
			buildConfigurations = (
				11134ED32CF1B669005A6233 /* Debug */,
				11134ED42CF1B669005A6233 /* Release */,
			);
			defaultConfigurationIsVisible = 0;
			defaultConfigurationName = Release;
		};
		11134ED52CF1B669005A6233 /* Build configuration list for PBXNativeTarget "ImageFeed" */ = {
			isa = XCConfigurationList;
			buildConfigurations = (
				11134ED62CF1B669005A6233 /* Debug */,
				11134ED72CF1B669005A6233 /* Release */,
			);
			defaultConfigurationIsVisible = 0;
			defaultConfigurationName = Release;
		};
/* End XCConfigurationList section */

/* Begin XCRemoteSwiftPackageReference section */
		110216B22D4D23E1001355BD /* XCRemoteSwiftPackageReference "Kingfisher" */ = {
			isa = XCRemoteSwiftPackageReference;
			repositoryURL = "https://github.com/onevcat/Kingfisher.git";
			requirement = {
				kind = upToNextMajorVersion;
				minimumVersion = 8.1.4;
			};
		};
		110216B52D4D2F1A001355BD /* XCRemoteSwiftPackageReference "SwiftKeychainWrapper" */ = {
			isa = XCRemoteSwiftPackageReference;
			repositoryURL = "https://github.com/jrendel/SwiftKeychainWrapper";
			requirement = {
				kind = upToNextMajorVersion;
				minimumVersion = 4.0.1;
			};
		};
		11F5592C2D301F85007B4026 /* XCRemoteSwiftPackageReference "ProgressHUD" */ = {
			isa = XCRemoteSwiftPackageReference;
			repositoryURL = "https://github.com/relatedcode/ProgressHUD";
			requirement = {
				kind = upToNextMajorVersion;
				minimumVersion = 14.1.3;
			};
		};
/* End XCRemoteSwiftPackageReference section */

/* Begin XCSwiftPackageProductDependency section */
		110216B32D4D23E1001355BD /* Kingfisher */ = {
			isa = XCSwiftPackageProductDependency;
			package = 110216B22D4D23E1001355BD /* XCRemoteSwiftPackageReference "Kingfisher" */;
			productName = Kingfisher;
		};
		110216B62D4D2F1A001355BD /* SwiftKeychainWrapper */ = {
			isa = XCSwiftPackageProductDependency;
			package = 110216B52D4D2F1A001355BD /* XCRemoteSwiftPackageReference "SwiftKeychainWrapper" */;
			productName = SwiftKeychainWrapper;
		};
		11F5592D2D301F85007B4026 /* ProgressHUD */ = {
			isa = XCSwiftPackageProductDependency;
			package = 11F5592C2D301F85007B4026 /* XCRemoteSwiftPackageReference "ProgressHUD" */;
			productName = ProgressHUD;
		};
/* End XCSwiftPackageProductDependency section */
	};
	rootObject = 11134EB92CF1B666005A6233 /* Project object */;
}
